{
    "_readme": [
        "This file locks the dependencies of your project to a known state",
        "Read more about it at http://getcomposer.org/doc/01-basic-usage.md#composer-lock-the-lock-file"
    ],
    "hash": "1ba0c427afc751798da6594976a93120",
    "packages": [
        {
            "name": "aws/aws-sdk-php",
            "version": "2.4.12",
            "source": {
                "type": "git",
                "url": "https://github.com/aws/aws-sdk-php.git",
                "reference": "61eaf675b7de9ce8b2c6b44317b01e6818ea16c3"
            },
            "dist": {
                "type": "zip",
                "url": "https://api.github.com/repos/aws/aws-sdk-php/zipball/61eaf675b7de9ce8b2c6b44317b01e6818ea16c3",
                "reference": "61eaf675b7de9ce8b2c6b44317b01e6818ea16c3",
                "shasum": ""
            },
            "require": {
                "guzzle/guzzle": ">=3.7.0,<3.9.0",
                "php": ">=5.3.3"
            },
            "require-dev": {
                "doctrine/cache": "~1.0",
                "ext-openssl": "*",
                "monolog/monolog": "1.4.*",
                "phpunit/phpunit": "3.7.*",
                "symfony/class-loader": "2.*",
                "symfony/yaml": "2.*"
            },
            "suggest": {
                "doctrine/cache": "Adds support for caching of credentials and responses",
                "ext-apc": "Allows service description opcode caching, request and response caching, and credentials caching",
                "ext-openssl": "Allows working with CloudFront private distributions and verifying received SNS messages",
                "monolog/monolog": "Adds support for logging HTTP requests and responses",
                "symfony/yaml": "Eases the ability to write manifests for creating jobs in AWS Import/Export"
            },
            "type": "library",
            "extra": {
                "branch-alias": {
                    "dev-master": "2.4.x-dev"
                }
            },
            "autoload": {
                "psr-0": {
                    "Aws": "src/"
                }
            },
            "notification-url": "https://packagist.org/downloads/",
            "license": [
                "Apache-2.0"
            ],
            "authors": [
                {
                    "name": "Amazon Web Services",
                    "homepage": "http://aws.amazon.com"
                }
            ],
            "description": "AWS SDK for PHP - Use Amazon Web Services in your PHP project",
            "homepage": "http://aws.amazon.com/sdkforphp",
            "keywords": [
                "amazon",
                "aws",
                "cloud",
                "dynamodb",
                "ec2",
                "glacier",
                "s3",
                "sdk"
            ],
            "time": "2013-12-12 19:35:51"
        },
        {
            "name": "evenement/evenement",
            "version": "v2.0.0",
            "source": {
                "type": "git",
                "url": "https://github.com/igorw/evenement.git",
                "reference": "f6e843799fd4f4184d54d8fc7b5b3551c9fa803e"
            },
            "dist": {
                "type": "zip",
                "url": "https://api.github.com/repos/igorw/evenement/zipball/f6e843799fd4f4184d54d8fc7b5b3551c9fa803e",
                "reference": "f6e843799fd4f4184d54d8fc7b5b3551c9fa803e",
                "shasum": ""
            },
            "require": {
                "php": ">=5.4.0"
            },
            "type": "library",
            "extra": {
                "branch-alias": {
                    "dev-master": "2.0-dev"
                }
            },
            "autoload": {
                "psr-0": {
                    "Evenement": "src"
                }
            },
            "notification-url": "https://packagist.org/downloads/",
            "license": [
                "MIT"
            ],
            "authors": [
                {
                    "name": "Igor Wiedler",
                    "email": "igor@wiedler.ch",
                    "homepage": "http://wiedler.ch/igor/"
                }
            ],
            "description": "Événement is a very simple event dispatching library for PHP",
            "keywords": [
                "event-dispatcher",
                "event-emitter"
            ],
            "time": "2012-11-02 14:49:47"
        },
        {
            "name": "guzzle/guzzle",
            "version": "v3.8.0",
            "source": {
                "type": "git",
                "url": "https://github.com/guzzle/guzzle.git",
                "reference": "b4a3ce8c05e777fa18b802956d5d0e38ad338a69"
            },
            "dist": {
                "type": "zip",
                "url": "https://api.github.com/repos/guzzle/guzzle/zipball/b4a3ce8c05e777fa18b802956d5d0e38ad338a69",
                "reference": "b4a3ce8c05e777fa18b802956d5d0e38ad338a69",
                "shasum": ""
            },
            "require": {
                "ext-curl": "*",
                "php": ">=5.3.3",
                "symfony/event-dispatcher": ">=2.1"
            },
            "replace": {
                "guzzle/batch": "self.version",
                "guzzle/cache": "self.version",
                "guzzle/common": "self.version",
                "guzzle/http": "self.version",
                "guzzle/inflection": "self.version",
                "guzzle/iterator": "self.version",
                "guzzle/log": "self.version",
                "guzzle/parser": "self.version",
                "guzzle/plugin": "self.version",
                "guzzle/plugin-async": "self.version",
                "guzzle/plugin-backoff": "self.version",
                "guzzle/plugin-cache": "self.version",
                "guzzle/plugin-cookie": "self.version",
                "guzzle/plugin-curlauth": "self.version",
                "guzzle/plugin-error-response": "self.version",
                "guzzle/plugin-history": "self.version",
                "guzzle/plugin-log": "self.version",
                "guzzle/plugin-md5": "self.version",
                "guzzle/plugin-mock": "self.version",
                "guzzle/plugin-oauth": "self.version",
                "guzzle/service": "self.version",
                "guzzle/stream": "self.version"
            },
            "require-dev": {
                "doctrine/cache": "*",
                "monolog/monolog": "1.*",
                "phpunit/phpunit": "3.7.*",
                "psr/log": "1.0.*",
                "symfony/class-loader": "*",
                "zendframework/zend-cache": "2.0.*",
                "zendframework/zend-log": "2.0.*"
            },
            "type": "library",
            "extra": {
                "branch-alias": {
                    "dev-master": "3.8-dev"
                }
            },
            "autoload": {
                "psr-0": {
                    "Guzzle\\Tests": "tests/",
                    "Guzzle": "src/"
                }
            },
            "notification-url": "https://packagist.org/downloads/",
            "license": [
                "MIT"
            ],
            "authors": [
                {
                    "name": "Michael Dowling",
                    "email": "mtdowling@gmail.com",
                    "homepage": "https://github.com/mtdowling"
                },
                {
                    "name": "Guzzle Community",
                    "homepage": "https://github.com/guzzle/guzzle/contributors"
                }
            ],
            "description": "Guzzle is a PHP HTTP client library and framework for building RESTful web service clients",
            "homepage": "http://guzzlephp.org/",
            "keywords": [
                "client",
                "curl",
                "framework",
                "http",
                "http client",
                "rest",
                "web service"
            ],
            "time": "2013-12-05 23:39:20"
        },
        {
            "name": "react/promise",
            "version": "v2.0.0",
            "source": {
                "type": "git",
                "url": "https://github.com/reactphp/promise.git",
                "reference": "58129a9cb9da88f2055309a805e2696b06928bb0"
            },
            "dist": {
                "type": "zip",
                "url": "https://api.github.com/repos/reactphp/promise/zipball/58129a9cb9da88f2055309a805e2696b06928bb0",
                "reference": "58129a9cb9da88f2055309a805e2696b06928bb0",
                "shasum": ""
            },
            "require": {
                "php": ">=5.4.0"
            },
            "type": "library",
            "extra": {
                "branch-alias": {
                    "dev-master": "2.0-dev"
                }
            },
            "autoload": {
                "psr-0": {
                    "React\\Promise": "src/"
                },
                "files": [
                    "src/React/Promise/functions.php"
                ]
            },
            "notification-url": "https://packagist.org/downloads/",
            "license": [
                "MIT"
            ],
            "authors": [
                {
                    "name": "Jan Sorgalla",
                    "email": "jsorgalla@googlemail.com",
                    "homepage": "http://sorgalla.com",
                    "role": "maintainer"
                }
            ],
            "description": "A lightweight implementation of CommonJS Promises/A for PHP",
            "time": "2013-12-10 15:40:36"
        },
        {
            "name": "react/react",
            "version": "dev-master",
            "source": {
                "type": "git",
                "url": "https://github.com/reactphp/react.git",
                "reference": "9d927565beb1948ac6c898372b920d5e239f0869"
            },
            "dist": {
                "type": "zip",
                "url": "https://api.github.com/repos/reactphp/react/zipball/9d927565beb1948ac6c898372b920d5e239f0869",
                "reference": "9d927565beb1948ac6c898372b920d5e239f0869",
                "shasum": ""
            },
            "require": {
                "evenement/evenement": "~2.0",
                "guzzle/parser": "~3.0",
                "php": ">=5.4.0",
                "react/promise": "~2.0"
            },
            "replace": {
                "react/cache": "self.version",
                "react/dns": "self.version",
                "react/event-loop": "self.version",
                "react/http": "self.version",
                "react/http-client": "self.version",
                "react/socket": "self.version",
                "react/socket-client": "self.version",
                "react/stream": "self.version"
            },
            "require-dev": {
                "phpunit/phpunit": "3.7.*"
            },
            "suggest": {
                "ext-libev": "*",
                "ext-libevent": "*"
            },
            "type": "library",
            "extra": {
                "branch-alias": {
                    "dev-master": "0.4-dev"
                }
            },
            "autoload": {
                "psr-0": {
                    "React": "src"
                }
            },
            "notification-url": "https://packagist.org/downloads/",
            "license": [
                "MIT"
            ],
            "description": "Nuclear Reactor written in PHP.",
            "keywords": [
                "event-loop",
                "reactor"
            ],
            "time": "2014-01-09 19:33:29"
        },
        {
            "name": "symfony/event-dispatcher",
            "version": "v2.4.1",
            "target-dir": "Symfony/Component/EventDispatcher",
            "source": {
                "type": "git",
                "url": "https://github.com/symfony/EventDispatcher.git",
                "reference": "e3ba42f6a70554ed05749e61b829550f6ac33601"
            },
            "dist": {
                "type": "zip",
                "url": "https://api.github.com/repos/symfony/EventDispatcher/zipball/e3ba42f6a70554ed05749e61b829550f6ac33601",
                "reference": "e3ba42f6a70554ed05749e61b829550f6ac33601",
                "shasum": ""
            },
            "require": {
                "php": ">=5.3.3"
            },
            "require-dev": {
                "symfony/dependency-injection": "~2.0"
            },
            "suggest": {
                "symfony/dependency-injection": "",
                "symfony/http-kernel": ""
            },
            "type": "library",
            "extra": {
                "branch-alias": {
                    "dev-master": "2.4-dev"
                }
            },
            "autoload": {
                "psr-0": {
                    "Symfony\\Component\\EventDispatcher\\": ""
                }
            },
            "notification-url": "https://packagist.org/downloads/",
            "license": [
                "MIT"
            ],
            "authors": [
                {
                    "name": "Fabien Potencier",
                    "email": "fabien@symfony.com"
                },
                {
                    "name": "Symfony Community",
                    "homepage": "http://symfony.com/contributors"
                }
            ],
            "description": "Symfony EventDispatcher Component",
            "homepage": "http://symfony.com",
            "time": "2013-12-28 08:12:03"
        }
    ],
    "packages-dev": [
        {
            "name": "symfony/finder",
            "version": "v2.4.1",
            "target-dir": "Symfony/Component/Finder",
            "source": {
                "type": "git",
                "url": "https://github.com/symfony/Finder.git",
                "reference": "6904345cf2b3bbab1f6d6e4ce1724cb99df9f00a"
            },
            "dist": {
                "type": "zip",
                "url": "https://api.github.com/repos/symfony/Finder/zipball/6904345cf2b3bbab1f6d6e4ce1724cb99df9f00a",
                "reference": "6904345cf2b3bbab1f6d6e4ce1724cb99df9f00a",
                "shasum": ""
            },
            "require": {
                "php": ">=5.3.3"
            },
            "type": "library",
            "extra": {
                "branch-alias": {
                    "dev-master": "2.4-dev"
                }
            },
            "autoload": {
                "psr-0": {
                    "Symfony\\Component\\Finder\\": ""
                }
            },
            "notification-url": "https://packagist.org/downloads/",
            "license": [
                "MIT"
            ],
            "authors": [
                {
                    "name": "Fabien Potencier",
                    "email": "fabien@symfony.com"
                },
                {
                    "name": "Symfony Community",
                    "homepage": "http://symfony.com/contributors"
                }
            ],
            "description": "Symfony Finder Component",
            "homepage": "http://symfony.com",
            "time": "2014-01-01 08:14:50"
        },
        {
            "name": "symfony/process",
            "version": "dev-master",
            "target-dir": "Symfony/Component/Process",
            "source": {
                "type": "git",
                "url": "https://github.com/symfony/Process.git",
                "reference": "d4b086ca4d6e192d8c2c64fe011159c8bc4c9daa"
            },
            "dist": {
                "type": "zip",
                "url": "https://api.github.com/repos/symfony/Process/zipball/d4b086ca4d6e192d8c2c64fe011159c8bc4c9daa",
                "reference": "d4b086ca4d6e192d8c2c64fe011159c8bc4c9daa",
                "shasum": ""
            },
            "require": {
                "php": ">=5.3.3"
            },
            "type": "library",
            "extra": {
                "branch-alias": {
                    "dev-master": "2.5-dev"
                }
            },
            "autoload": {
                "psr-0": {
                    "Symfony\\Component\\Process\\": ""
                }
            },
            "notification-url": "https://packagist.org/downloads/",
            "license": [
                "MIT"
            ],
            "authors": [
                {
                    "name": "Fabien Potencier",
                    "email": "fabien@symfony.com"
                },
                {
                    "name": "Symfony Community",
                    "homepage": "http://symfony.com/contributors"
                }
            ],
            "description": "Symfony Process Component",
            "homepage": "http://symfony.com",
            "time": "2014-01-07 13:29:57"
        }
    ],
    "aliases": [

    ],
    "minimum-stability": "stable",
    "stability-flags": {
        "react/react": 20,
        "symfony/process": 20
    },
    "platform": {
        "php": ">=5.3.3"
    },
    "platform-dev": [

    ]
}
